
Microsoft Visual Studio Solution File, Format Version 12.00
# Visual Studio Version 17
VisualStudioVersion = 17.2.32616.157
MinimumVisualStudioVersion = 10.0.40219.1
Project("{FAE04EC0-301F-11D3-BF4B-00C04F79EFBC}") = "FilasDeTaks", "FilasDeTaks\FilasDeTaks.csproj", "{9A03FB6E-646B-4651-80BB-B118B940AE93}"
EndProject
Global
	GlobalSection(SolutionConfigurationPlatforms) = preSolution
		Debug|Any CPU = Debug|Any CPU
		Release|Any CPU = Release|Any CPU
	EndGlobalSection
	GlobalSection(ProjectConfigurationPlatforms) = postSolution
		{9A03FB6E-646B-4651-80BB-B118B940AE93}.Debug|Any CPU.ActiveCfg = Debug|Any CPU
		{9A03FB6E-646B-4651-80BB-B118B940AE93}.Debug|Any CPU.Build.0 = Debug|Any CPU
		{9A03FB6E-646B-4651-80BB-B118B940AE93}.Release|Any CPU.ActiveCfg = Release|Any CPU
		{9A03FB6E-646B-4651-80BB-B118B940AE93}.Release|Any CPU.Build.0 = Release|Any CPU
	EndGlobalSection
	GlobalSection(SolutionProperties) = preSolution
		HideSolutionNode = FALSE
	EndGlobalSection
	GlobalSection(ExtensibilityGlobals) = postSolution
		SolutionGuid = {B31B23C6-16D2-407A-9EB5-1E441DDD0F84}
	EndGlobalSection
EndGlobal
